
Microsoft Visual Studio Solution File, Format Version 12.00
# Visual Studio 15
VisualStudioVersion = 15.0.34112.143
MinimumVisualStudioVersion = 10.0.40219.1
Project("{FAE04EC0-301F-11D3-BF4B-00C04F79EFBC}") = "Studio", "Studio\Studio.csproj", "{1B9444E8-C7CB-4BC3-B365-4280318F88B5}"
EndProject
Global
	GlobalSection(SolutionConfigurationPlatforms) = preSolution
		Debug|Any CPU = Debug|Any CPU
		Release|Any CPU = Release|Any CPU
	EndGlobalSection
	GlobalSection(ProjectConfigurationPlatforms) = postSolution
		{1B9444E8-C7CB-4BC3-B365-4280318F88B5}.Debug|Any CPU.ActiveCfg = Debug|Any CPU
		{1B9444E8-C7CB-4BC3-B365-4280318F88B5}.Debug|Any CPU.Build.0 = Debug|Any CPU
		{1B9444E8-C7CB-4BC3-B365-4280318F88B5}.Release|Any CPU.ActiveCfg = Release|Any CPU
		{1B9444E8-C7CB-4BC3-B365-4280318F88B5}.Release|Any CPU.Build.0 = Release|Any CPU
	EndGlobalSection
	GlobalSection(SolutionProperties) = preSolution
		HideSolutionNode = FALSE
	EndGlobalSection
	GlobalSection(ExtensibilityGlobals) = postSolution
		SolutionGuid = {F94D9DBF-82DE-40A7-8355-6D42F12D43A6}
	EndGlobalSection
EndGlobal
